
Microsoft Visual Studio Solution File, Format Version 12.00
# Visual Studio Version 17
VisualStudioVersion = 17.10.34916.146
MinimumVisualStudioVersion = 10.0.40219.1
Project("{FAE04EC0-301F-11D3-BF4B-00C04F79EFBC}") = "FIFOandLIFO", "FIFOandLIFO\FIFOandLIFO.csproj", "{FC9DA2D4-5C25-4449-B846-6581B8564274}"
EndProject
Global
	GlobalSection(SolutionConfigurationPlatforms) = preSolution
		Debug|Any CPU = Debug|Any CPU
		Release|Any CPU = Release|Any CPU
	EndGlobalSection
	GlobalSection(ProjectConfigurationPlatforms) = postSolution
		{FC9DA2D4-5C25-4449-B846-6581B8564274}.Debug|Any CPU.ActiveCfg = Debug|Any CPU
		{FC9DA2D4-5C25-4449-B846-6581B8564274}.Debug|Any CPU.Build.0 = Debug|Any CPU
		{FC9DA2D4-5C25-4449-B846-6581B8564274}.Release|Any CPU.ActiveCfg = Release|Any CPU
		{FC9DA2D4-5C25-4449-B846-6581B8564274}.Release|Any CPU.Build.0 = Release|Any CPU
	EndGlobalSection
	GlobalSection(SolutionProperties) = preSolution
		HideSolutionNode = FALSE
	EndGlobalSection
	GlobalSection(ExtensibilityGlobals) = postSolution
		SolutionGuid = {C44C18A1-DEDF-47DC-B7EC-3F1188CDAEAC}
	EndGlobalSection
EndGlobal
